{
  "nodes": {
    "LS_COLORS": {
      "flake": false,
      "locked": {
        "lastModified": 1604266356,
        "narHash": "sha256-2D5+iftFXmdxG2mBgwlIjz+AympAaLEQVXC+qJGPgu8=",
        "owner": "trapd00r",
        "repo": "LS_COLORS",
        "rev": "8b777b6b7e819a60cface024b01b86b748fb15a4",
        "type": "github"
      },
      "original": {
        "owner": "trapd00r",
        "repo": "LS_COLORS",
        "type": "github"
      }
    },
    "emacs-overlay": {
      "locked": {
        "lastModified": 1606249514,
        "narHash": "sha256-WPIbXVkA0deUhWKO4/+Mr3AaABX7RAOnUvfdjRBEA+k=",
        "owner": "nix-community",
        "repo": "emacs-overlay",
        "rev": "ead057df3dac8d8a0bf159618cba2d7aa6b9c19b",
        "type": "github"
      },
      "original": {
        "owner": "nix-community",
        "repo": "emacs-overlay",
        "type": "github"
      }
    },
    "emacs-pgtk-overlay": {
      "flake": false,
      "locked": {
        "lastModified": 1606213466,
        "narHash": "sha256-ex+fwscYyX9Wbps5tj0mj5n44QPwAIQRMXkDlWbCMz8=",
        "owner": "mjlbach",
        "repo": "emacs-pgtk-nativecomp-overlay",
        "rev": "5a1cb4b3d104c8c4027f628b5de37307ab36a96a",
        "type": "github"
      },
      "original": {
        "owner": "mjlbach",
        "repo": "emacs-pgtk-nativecomp-overlay",
        "type": "github"
      }
    },
    "flake-compat": {
      "flake": false,
      "locked": {
        "lastModified": 1603796912,
        "narHash": "sha256-6ayqpH/4XiEXylNdWI3AghubqS6XuiPg3Y60jY8RTo4=",
        "owner": "edolstra",
        "repo": "flake-compat",
        "rev": "19576c2aea7f074ff0da818b21a8b0950ff6ec86",
        "type": "github"
      },
      "original": {
        "owner": "edolstra",
        "repo": "flake-compat",
        "type": "github"
      }
    },
    "flake-utils": {
      "locked": {
        "lastModified": 1598466101,
        "narHash": "sha256-JPhv+Ay98KMWRVRFlLEK9+eLpvNjhTBGWdFKZsE97ck=",
        "owner": "numtide",
        "repo": "flake-utils",
        "rev": "a586a6b966d59f53f45a04f8891fbc017dc09dbe",
        "type": "github"
      },
      "original": {
        "owner": "numtide",
        "repo": "flake-utils",
        "type": "github"
      }
    },
    "home-manager": {
      "inputs": {
        "nixpkgs": []
      },
      "locked": {
        "lastModified": 1599428266,
        "narHash": "sha256-qrZwxleVK9pcXzv9kvxkUP6jabEiPo4VOX2WEM9CBXU=",
        "owner": "rycee",
        "repo": "home-manager",
        "rev": "249650a07ee2d949fa599f3177a8c234adbd1bee",
        "type": "github"
      },
      "original": {
        "owner": "rycee",
        "repo": "home-manager",
        "type": "github"
      }
    },
    "neovim-nightly-overlay": {
      "flake": false,
      "locked": {
        "lastModified": 1606213452,
        "narHash": "sha256-9+lX66WtWSAkRxIdYMvq+o4fjz4syd3lXtneovv9Gj0=",
        "owner": "mjlbach",
        "repo": "neovim-nightly-overlay",
        "rev": "7a188d5c7c29534e452508d7c20ecad9a77e51dc",
        "type": "github"
      },
      "original": {
        "owner": "mjlbach",
        "repo": "neovim-nightly-overlay",
        "type": "github"
      }
    },
    "nixpkgs": {
      "locked": {
        "lastModified": 1599238267,
        "narHash": "sha256-nONVjch87xyr0AC4unDnoLr3ic980m2mfiFwoIQc4zU=",
        "owner": "nixos",
        "repo": "nixpkgs",
        "rev": "49f820d217f4069472ca8f8f96d1c5681a747f7d",
        "type": "github"
      },
      "original": {
        "owner": "nixos",
        "ref": "nixpkgs-unstable",
        "repo": "nixpkgs",
        "type": "github"
      }
    },
    "powerlevel10k": {
      "flake": false,
      "locked": {
        "lastModified": 1606218379,
        "narHash": "sha256-Pri7xtDlf+NfDyXD/GZOFVjGPkxfjfEk+1JFO5ugal4=",
        "owner": "romkatv",
        "repo": "powerlevel10k",
        "rev": "6b254621e7c0a16436ff3d9fdc0bcda3431be5e7",
        "type": "github"
      },
      "original": {
        "owner": "romkatv",
        "repo": "powerlevel10k",
        "type": "github"
      }
    },
    "root": {
      "inputs": {
        "LS_COLORS": "LS_COLORS",
        "emacs-overlay": "emacs-overlay",
        "emacs-pgtk-overlay": "emacs-pgtk-overlay",
        "flake-compat": "flake-compat",
        "flake-utils": "flake-utils",
        "home-manager": "home-manager",
        "neovim-nightly-overlay": "neovim-nightly-overlay",
        "nixpkgs": "nixpkgs",
        "powerlevel10k": "powerlevel10k"
      }
    }
  },
  "root": "root",
  "version": 7
}
