{
  "nodes": {
    "flake-utils": {
      "locked": {
        "lastModified": 1597053966,
        "narHash": "sha256-f9lbPS/GJ1His8fsDqM6gfa8kSqREU4eKiMCS5hrKg4=",
        "owner": "numtide",
        "repo": "flake-utils",
        "rev": "ec20f52e2ff61e9c36c2b894b62fc1b4bd04c71b",
        "type": "github"
      },
      "original": {
        "owner": "numtide",
        "repo": "flake-utils",
        "type": "github"
      }
    },
    "home-manager": {
      "flake": false,
      "locked": {
        "lastModified": 1597790005,
        "narHash": "sha256-inbsm0szFg8/ADQPM031dlGc95xKrMlKd1G1DeMgxP8=",
        "owner": "rycee",
        "repo": "home-manager",
        "rev": "9854342b9f088712ca3c5b67059fff5ec4f59182",
        "type": "github"
      },
      "original": {
        "owner": "rycee",
        "repo": "home-manager",
        "type": "github"
      }
    },
    "nixpkgs": {
      "locked": {
        "lastModified": 1599238267,
        "narHash": "sha256-nONVjch87xyr0AC4unDnoLr3ic980m2mfiFwoIQc4zU=",
        "owner": "nixos",
        "repo": "nixpkgs",
        "rev": "49f820d217f4069472ca8f8f96d1c5681a747f7d",
        "type": "github"
      },
      "original": {
        "owner": "nixos",
        "ref": "nixpkgs-unstable",
        "repo": "nixpkgs",
        "type": "github"
      }
    },
    "root": {
      "inputs": {
        "flake-utils": "flake-utils",
        "home-manager": "home-manager",
        "nixpkgs": "nixpkgs"
      }
    }
  },
  "root": "root",
  "version": 7
}
