{
  "nodes": {
    "darwin": {
      "inputs": {
        "nixpkgs": [
          "nixpkgs"
        ]
      },
      "locked": {
        "lastModified": 1608628442,
        "narHash": "sha256-MNpNlZ2TqaQNiYuP8UcudfQoZAT/ocwFwFxhANSRt1c=",
        "owner": "lnl7",
        "repo": "nix-darwin",
        "rev": "8834df431736c3037bbef017b24c62bc4ace4645",
        "type": "github"
      },
      "original": {
        "owner": "lnl7",
        "repo": "nix-darwin",
        "type": "github"
      }
    },
    "nixpkgs": {
      "locked": {
        "lastModified": 1610228748,
        "narHash": "sha256-b/jHt1a33JowP2M1qtFnVu23c34a7qNQz7w+g+TQ0Ec=",
        "owner": "nixos",
        "repo": "nixpkgs",
        "rev": "14acb54a8209b4d7a0e6272f2b9eeb2f426336f1",
        "type": "github"
      },
      "original": {
        "owner": "nixos",
        "ref": "nixpkgs-20.09-darwin",
        "repo": "nixpkgs",
        "type": "github"
      }
    },
    "root": {
      "inputs": {
        "darwin": "darwin",
        "nixpkgs": "nixpkgs"
      }
    }
  },
  "root": "root",
  "version": 7
}
