{
  "nodes": {
    "darwin": {
      "inputs": {
        "nixpkgs": [
          "nixpkgs"
        ]
      },
      "locked": {
        "lastModified": 1607264811,
        "narHash": "sha256-h7Oo41U+8jdo02cT3oHBYiD7tdZMSqPYRm0p29wx47E=",
        "owner": "lnl7",
        "repo": "nix-darwin",
        "rev": "465539ad1d1ad458bd2179e5b10ad1d487f92e0a",
        "type": "github"
      },
      "original": {
        "owner": "lnl7",
        "repo": "nix-darwin",
        "type": "github"
      }
    },
    "nixpkgs": {
      "locked": {
        "lastModified": 1607764438,
        "narHash": "sha256-WGW8HkGEGkeseslh0XsZbch/A4BcAQmDhJ5T5pp0iII=",
        "owner": "nixos",
        "repo": "nixpkgs",
        "rev": "e5c208a3151588b87642e5446bbdf06fcfa71209",
        "type": "github"
      },
      "original": {
        "owner": "nixos",
        "ref": "nixpkgs-20.09-darwin",
        "repo": "nixpkgs",
        "type": "github"
      }
    },
    "root": {
      "inputs": {
        "darwin": "darwin",
        "nixpkgs": "nixpkgs"
      }
    }
  },
  "root": "root",
  "version": 7
}
