{
  "nodes": {
    "nixpkgs": {
      "locked": {
        "lastModified": 1611262940,
        "narHash": "sha256-eh9Q9fV4GTt65ke4BzLxRyaWD95DPA+AeWrIJbR6h1A=",
        "owner": "nixos",
        "repo": "nixpkgs",
        "rev": "e61a96d70af29ace8cd78d01af66fbfa8218c018",
        "type": "github"
      },
      "original": {
        "owner": "nixos",
        "ref": "nixpkgs-unstable",
        "repo": "nixpkgs",
        "type": "github"
      }
    },
    "root": {
      "inputs": {
        "nixpkgs": "nixpkgs"
      }
    }
  },
  "root": "root",
  "version": 7
}
