{
  "nodes": {
    "nixpkgs": {
      "locked": {
        "lastModified": 1611247982,
        "narHash": "sha256-gXfmxImaJwrJXYs4b3JsDl3Y+IPAsA/6Vj8xQEw8ixE=",
        "owner": "nixos",
        "repo": "nixpkgs",
        "rev": "c60bb493e67e2be7e2ee735207ecaf8f5bb37510",
        "type": "github"
      },
      "original": {
        "owner": "nixos",
        "ref": "nixpkgs-unstable",
        "repo": "nixpkgs",
        "type": "github"
      }
    },
    "root": {
      "inputs": {
        "nixpkgs": "nixpkgs"
      }
    }
  },
  "root": "root",
  "version": 7
}
