{
  "nodes": {
    "nixpkgs": {
      "locked": {
        "lastModified": 1607090121,
        "narHash": "sha256-r14mpknWo8u511sd8v5glDeH1PcJF8ZjhUyv423p81k=",
        "owner": "nixos",
        "repo": "nixpkgs",
        "rev": "e34208e10033315fddf6909d3ff68e2d3cf48a23",
        "type": "github"
      },
      "original": {
        "owner": "nixos",
        "ref": "nixos-20.09",
        "repo": "nixpkgs",
        "type": "github"
      }
    },
    "root": {
      "inputs": {
        "nixpkgs": "nixpkgs"
      }
    }
  },
  "root": "root",
  "version": 7
}
