{
  "nodes": {
    "LS_COLORS": {
      "flake": false,
      "locked": {
        "lastModified": 1627397890,
        "narHash": "sha256-46UR3lKOAoMdcIolVzyqMyGs+Q2DXeq7xUubTLxS3/I=",
        "owner": "trapd00r",
        "repo": "LS_COLORS",
        "rev": "2957904dbd4156b7980e3450233f811073132023",
        "type": "github"
      },
      "original": {
        "owner": "trapd00r",
        "repo": "LS_COLORS",
        "type": "github"
      }
    },
    "emacs-git": {
      "flake": false,
      "locked": {
        "lastModified": 1634357223,
        "narHash": "sha256-oDfFgUmntbw6zNQsVHhvVQhKlvLwaL4QhOP/Pw4jArY=",
        "owner": "emacs-mirror",
        "repo": "emacs",
        "rev": "e4b99f24f8e8e63cf3d3c1da47d5dc1e6dda61bb",
        "type": "github"
      },
      "original": {
        "owner": "emacs-mirror",
        "repo": "emacs",
        "type": "github"
      }
    },
    "emacs-overlay": {
      "inputs": {
        "emacs-git": "emacs-git",
        "emacs-pgtk": "emacs-pgtk",
        "emacs-pgtk-nativecomp": "emacs-pgtk-nativecomp",
        "emacs-unstable": "emacs-unstable",
        "exwm": "exwm",
        "flake-compat": "flake-compat",
        "flake-utils": "flake-utils",
        "gitignore.nix": "gitignore.nix",
        "nixpkgs": "nixpkgs",
        "pre-commit-hooks.nix": "pre-commit-hooks.nix",
        "xelb": "xelb"
      },
      "locked": {
        "lastModified": 1634377215,
        "narHash": "sha256-5Yjb71xJgWgfVBnoSiPgOCh/2MUItrMhIaNtel9FSEc=",
        "owner": "mjlbach",
        "repo": "emacs-overlay",
        "rev": "ba2cc4699bcb230cb39c02e8d1369c008a47ad68",
        "type": "github"
      },
      "original": {
        "owner": "mjlbach",
        "ref": "feature/flakes",
        "repo": "emacs-overlay",
        "type": "github"
      }
    },
    "emacs-pgtk": {
      "flake": false,
      "locked": {
        "lastModified": 1606038698,
        "narHash": "sha256-zNk5JrwQMsS/tve+F8iPybRl3GYJPO0/hVuldRI7x7A=",
        "owner": "masm11",
        "repo": "emacs",
        "rev": "3df4ca451d41a5f1036713277ef55ca9734c6fa7",
        "type": "github"
      },
      "original": {
        "owner": "masm11",
        "ref": "pgtk",
        "repo": "emacs",
        "type": "github"
      }
    },
    "emacs-pgtk-nativecomp": {
      "flake": false,
      "locked": {
        "lastModified": 1633996091,
        "narHash": "sha256-8UxuFdxaSeD3UF1GhlbQmBKFTS/LOSYmnC57PaVrcm4=",
        "owner": "flatwhatson",
        "repo": "emacs",
        "rev": "014fe9963f127a9bff3dfe06204977cb1d49b541",
        "type": "github"
      },
      "original": {
        "owner": "flatwhatson",
        "ref": "pgtk-nativecomp",
        "repo": "emacs",
        "type": "github"
      }
    },
    "emacs-unstable": {
      "flake": false,
      "locked": {
        "lastModified": 1631415316,
        "narHash": "sha256-3fBNW/TDlgQk6EQvazOCKXj4X6RFZG27nhfXOYequkU=",
        "owner": "emacs-mirror",
        "repo": "emacs",
        "rev": "d7f4cc0974645cc6a295740afe85c6e21d956119",
        "type": "github"
      },
      "original": {
        "owner": "emacs-mirror",
        "ref": "emacs-27",
        "repo": "emacs",
        "type": "github"
      }
    },
    "exwm": {
      "flake": false,
      "locked": {
        "lastModified": 1594512000,
        "narHash": "sha256-PHMHtTbKpKtFGGGtMh2SbKoK+8avh3CiDeW5jXP+TDM=",
        "owner": "ch11ng",
        "repo": "exwm",
        "rev": "0368127976bda29d35eed788edfe74644ecd3845",
        "type": "github"
      },
      "original": {
        "owner": "ch11ng",
        "repo": "exwm",
        "type": "github"
      }
    },
    "flake-compat": {
      "flake": false,
      "locked": {
        "lastModified": 1627913399,
        "narHash": "sha256-hY8g6H2KFL8ownSiFeMOjwPC8P0ueXpCVEbxgda3pko=",
        "owner": "edolstra",
        "repo": "flake-compat",
        "rev": "12c64ca55c1014cdc1b16ed5a804aa8576601ff2",
        "type": "github"
      },
      "original": {
        "owner": "edolstra",
        "repo": "flake-compat",
        "type": "github"
      }
    },
    "flake-compat_2": {
      "flake": false,
      "locked": {
        "lastModified": 1627913399,
        "narHash": "sha256-hY8g6H2KFL8ownSiFeMOjwPC8P0ueXpCVEbxgda3pko=",
        "owner": "edolstra",
        "repo": "flake-compat",
        "rev": "12c64ca55c1014cdc1b16ed5a804aa8576601ff2",
        "type": "github"
      },
      "original": {
        "owner": "edolstra",
        "repo": "flake-compat",
        "type": "github"
      }
    },
    "flake-utils": {
      "locked": {
        "lastModified": 1631561581,
        "narHash": "sha256-3VQMV5zvxaVLvqqUrNz3iJelLw30mIVSfZmAaauM3dA=",
        "owner": "numtide",
        "repo": "flake-utils",
        "rev": "7e5bf3925f6fbdfaf50a2a7ca0be2879c4261d19",
        "type": "github"
      },
      "original": {
        "owner": "numtide",
        "repo": "flake-utils",
        "type": "github"
      }
    },
    "flake-utils_2": {
      "locked": {
        "lastModified": 1631561581,
        "narHash": "sha256-3VQMV5zvxaVLvqqUrNz3iJelLw30mIVSfZmAaauM3dA=",
        "owner": "numtide",
        "repo": "flake-utils",
        "rev": "7e5bf3925f6fbdfaf50a2a7ca0be2879c4261d19",
        "type": "github"
      },
      "original": {
        "owner": "numtide",
        "repo": "flake-utils",
        "type": "github"
      }
    },
    "flake-utils_3": {
      "locked": {
        "lastModified": 1629481132,
        "narHash": "sha256-JHgasjPR0/J1J3DRm4KxM4zTyAj4IOJY8vIl75v/kPI=",
        "owner": "numtide",
        "repo": "flake-utils",
        "rev": "997f7efcb746a9c140ce1f13c72263189225f482",
        "type": "github"
      },
      "original": {
        "owner": "numtide",
        "repo": "flake-utils",
        "type": "github"
      }
    },
    "gitignore.nix": {
      "flake": false,
      "locked": {
        "lastModified": 1634151530,
        "narHash": "sha256-l1wnu/jSxhj6+MGurKupKkWZh3Om/6FuYc/FdSlkyRI=",
        "owner": "hercules-ci",
        "repo": "gitignore.nix",
        "rev": "9e80c4d83026fa6548bc53b1a6fab8549a6991f6",
        "type": "github"
      },
      "original": {
        "owner": "hercules-ci",
        "repo": "gitignore.nix",
        "type": "github"
      }
    },
    "home-manager": {
      "inputs": {
        "nixpkgs": [
          "nixpkgs"
        ]
      },
      "locked": {
        "lastModified": 1634230035,
        "narHash": "sha256-tS0dyWxVgb79Jk8elMthWv/oycj/Q4HHDoNL5V43kz8=",
        "owner": "nix-community",
        "repo": "home-manager",
        "rev": "309808afbc2a07e340067f66029a4202b4c4b959",
        "type": "github"
      },
      "original": {
        "owner": "nix-community",
        "repo": "home-manager",
        "type": "github"
      }
    },
    "neovim-flake": {
      "inputs": {
        "flake-utils": "flake-utils_3",
        "nixpkgs": [
          "neovim-nightly-overlay",
          "nixpkgs"
        ]
      },
      "locked": {
        "dir": "contrib",
        "lastModified": 1634342496,
        "narHash": "sha256-BfACKJRJWyIkZ1HYLa0Yvm3lDcmUEr+RAfy/jbx6OhY=",
        "owner": "neovim",
        "repo": "neovim",
        "rev": "1ced6cf08c1bf819df76e3830ae12f76e987f151",
        "type": "github"
      },
      "original": {
        "dir": "contrib",
        "owner": "neovim",
        "repo": "neovim",
        "type": "github"
      }
    },
    "neovim-nightly-overlay": {
      "inputs": {
        "flake-compat": "flake-compat_2",
        "neovim-flake": "neovim-flake",
        "nixpkgs": "nixpkgs_2"
      },
      "locked": {
        "lastModified": 1634371946,
        "narHash": "sha256-VCJv+wJJ4Me6nf5Cd5peACjoeKG7vU6U79ved6JPr+g=",
        "owner": "nix-community",
        "repo": "neovim-nightly-overlay",
        "rev": "fc9e88db19b449a62e1f4d564c0ad6b84896b022",
        "type": "github"
      },
      "original": {
        "owner": "nix-community",
        "repo": "neovim-nightly-overlay",
        "type": "github"
      }
    },
    "nixpkgs": {
      "locked": {
        "lastModified": 1634172192,
        "narHash": "sha256-FBF4U/T+bMg4sEyT/zkgasvVquGzgdAf4y8uCosKMmo=",
        "owner": "nixos",
        "repo": "nixpkgs",
        "rev": "2cf9db0e3d45b9d00f16f2836cb1297bcadc475e",
        "type": "github"
      },
      "original": {
        "owner": "nixos",
        "ref": "nixos-unstable",
        "repo": "nixpkgs",
        "type": "github"
      }
    },
    "nixpkgs_2": {
      "locked": {
        "lastModified": 1634172192,
        "narHash": "sha256-FBF4U/T+bMg4sEyT/zkgasvVquGzgdAf4y8uCosKMmo=",
        "owner": "nixos",
        "repo": "nixpkgs",
        "rev": "2cf9db0e3d45b9d00f16f2836cb1297bcadc475e",
        "type": "github"
      },
      "original": {
        "owner": "nixos",
        "ref": "nixos-unstable",
        "repo": "nixpkgs",
        "type": "github"
      }
    },
    "nixpkgs_3": {
      "locked": {
        "lastModified": 1633422745,
        "narHash": "sha256-gA6Ok64nPbkjHk3Oanq4641EeYkjcKhisDF9wBjLxEk=",
        "owner": "nixos",
        "repo": "nixpkgs",
        "rev": "8e1eab9eae4278c9bb1dcae426848a581943db5a",
        "type": "github"
      },
      "original": {
        "owner": "nixos",
        "ref": "nixpkgs-unstable",
        "repo": "nixpkgs",
        "type": "github"
      }
    },
    "pre-commit-hooks.nix": {
      "flake": false,
      "locked": {
        "lastModified": 1633788342,
        "narHash": "sha256-wx+aRtR5FwbMOV/0N3PSC4au92aXl6tfwHOk4xgYXRQ=",
        "owner": "cachix",
        "repo": "pre-commit-hooks.nix",
        "rev": "475b1f7f7ddcb6415e6624a68c4fe90f55ee9e73",
        "type": "github"
      },
      "original": {
        "owner": "cachix",
        "repo": "pre-commit-hooks.nix",
        "type": "github"
      }
    },
    "root": {
      "inputs": {
        "LS_COLORS": "LS_COLORS",
        "emacs-overlay": "emacs-overlay",
        "flake-utils": "flake-utils_2",
        "home-manager": "home-manager",
        "neovim-nightly-overlay": "neovim-nightly-overlay",
        "nixpkgs": "nixpkgs_3",
        "telescope-fzf-native": "telescope-fzf-native"
      }
    },
    "telescope-fzf-native": {
      "flake": false,
      "locked": {
        "lastModified": 1631730850,
        "narHash": "sha256-Ne8GFK+A+o9ekU7HYBiIVZfJemArIBpiEImAv+PP7UY=",
        "owner": "nvim-telescope",
        "repo": "telescope-fzf-native.nvim",
        "rev": "59e38e1661ffdd586cb7fc22ca0b5a05c7caf988",
        "type": "github"
      },
      "original": {
        "owner": "nvim-telescope",
        "repo": "telescope-fzf-native.nvim",
        "type": "github"
      }
    },
    "xelb": {
      "flake": false,
      "locked": {
        "lastModified": 1595116800,
        "narHash": "sha256-7Xr5UJyVxU8RatC8fo1x7WUpuY3qf/1izRMEMzR8dIM=",
        "owner": "ch11ng",
        "repo": "xelb",
        "rev": "df102a5773b37cec154e795a17a8513144dde643",
        "type": "github"
      },
      "original": {
        "owner": "ch11ng",
        "repo": "xelb",
        "type": "github"
      }
    }
  },
  "root": "root",
  "version": 7
}
